
Microsoft Visual Studio Solution File, Format Version 12.00
Project("{FAE04EC0-301F-11D3-BF4B-00C04F79EFBC}") = "ElectricalBikeProject", "ElectricalBikeProject\ElectricalBikeProject.csproj", "{B0DE8D8D-C7D1-4741-8897-57022F8EC837}"
EndProject
Project("{FAE04EC0-301F-11D3-BF4B-00C04F79EFBC}") = "ElectricalBikeProject.Domain", "ElectricalBikeProject.Domain\ElectricalBikeProject.Domain.csproj", "{19A8194C-A8EB-4BD2-BFE3-7DCB6E97A7F5}"
EndProject
Project("{FAE04EC0-301F-11D3-BF4B-00C04F79EFBC}") = "ElectricalBikeProject.Infrastructure", "ElectricalBikeProject.Infrastructure\ElectricalBikeProject.Infrastructure.csproj", "{F3E0E653-19CD-4048-B084-0EEFF3947A03}"
EndProject
Project("{FAE04EC0-301F-11D3-BF4B-00C04F79EFBC}") = "ElectricalBikeProject.UnitTest", "ElectricalBikeProject.UnitTest\ElectricalBikeProject.UnitTest.csproj", "{51F8560E-78F4-48BA-980E-4D3808BE3A86}"
EndProject
Project("{FAE04EC0-301F-11D3-BF4B-00C04F79EFBC}") = "ElectricalBikeProject.SharedKernel", "ElectricalBikeProject.SharedKernel\ElectricalBikeProject.SharedKernel.csproj", "{A0A574E9-35CF-4D17-A3AE-D8077FC9EEFF}"
EndProject
Project("{FAE04EC0-301F-11D3-BF4B-00C04F79EFBC}") = "ElectricalBikeProject.RabbitMq", "ElectricalBikeProject.RabbitMq\ElectricalBikeProject.RabbitMq.csproj", "{90879C99-8C11-4F06-847B-B67B55D0131F}"
EndProject
Global
	GlobalSection(SolutionConfigurationPlatforms) = preSolution
		Debug|Any CPU = Debug|Any CPU
		Release|Any CPU = Release|Any CPU
	EndGlobalSection
	GlobalSection(ProjectConfigurationPlatforms) = postSolution
		{B0DE8D8D-C7D1-4741-8897-57022F8EC837}.Debug|Any CPU.ActiveCfg = Debug|Any CPU
		{B0DE8D8D-C7D1-4741-8897-57022F8EC837}.Debug|Any CPU.Build.0 = Debug|Any CPU
		{B0DE8D8D-C7D1-4741-8897-57022F8EC837}.Release|Any CPU.ActiveCfg = Release|Any CPU
		{B0DE8D8D-C7D1-4741-8897-57022F8EC837}.Release|Any CPU.Build.0 = Release|Any CPU
		{19A8194C-A8EB-4BD2-BFE3-7DCB6E97A7F5}.Debug|Any CPU.ActiveCfg = Debug|Any CPU
		{19A8194C-A8EB-4BD2-BFE3-7DCB6E97A7F5}.Debug|Any CPU.Build.0 = Debug|Any CPU
		{19A8194C-A8EB-4BD2-BFE3-7DCB6E97A7F5}.Release|Any CPU.ActiveCfg = Release|Any CPU
		{19A8194C-A8EB-4BD2-BFE3-7DCB6E97A7F5}.Release|Any CPU.Build.0 = Release|Any CPU
		{F3E0E653-19CD-4048-B084-0EEFF3947A03}.Debug|Any CPU.ActiveCfg = Debug|Any CPU
		{F3E0E653-19CD-4048-B084-0EEFF3947A03}.Debug|Any CPU.Build.0 = Debug|Any CPU
		{F3E0E653-19CD-4048-B084-0EEFF3947A03}.Release|Any CPU.ActiveCfg = Release|Any CPU
		{F3E0E653-19CD-4048-B084-0EEFF3947A03}.Release|Any CPU.Build.0 = Release|Any CPU
		{51F8560E-78F4-48BA-980E-4D3808BE3A86}.Debug|Any CPU.ActiveCfg = Debug|Any CPU
		{51F8560E-78F4-48BA-980E-4D3808BE3A86}.Debug|Any CPU.Build.0 = Debug|Any CPU
		{51F8560E-78F4-48BA-980E-4D3808BE3A86}.Release|Any CPU.ActiveCfg = Release|Any CPU
		{51F8560E-78F4-48BA-980E-4D3808BE3A86}.Release|Any CPU.Build.0 = Release|Any CPU
		{A0A574E9-35CF-4D17-A3AE-D8077FC9EEFF}.Debug|Any CPU.ActiveCfg = Debug|Any CPU
		{A0A574E9-35CF-4D17-A3AE-D8077FC9EEFF}.Debug|Any CPU.Build.0 = Debug|Any CPU
		{A0A574E9-35CF-4D17-A3AE-D8077FC9EEFF}.Release|Any CPU.ActiveCfg = Release|Any CPU
		{A0A574E9-35CF-4D17-A3AE-D8077FC9EEFF}.Release|Any CPU.Build.0 = Release|Any CPU
		{90879C99-8C11-4F06-847B-B67B55D0131F}.Debug|Any CPU.ActiveCfg = Debug|Any CPU
		{90879C99-8C11-4F06-847B-B67B55D0131F}.Debug|Any CPU.Build.0 = Debug|Any CPU
		{90879C99-8C11-4F06-847B-B67B55D0131F}.Release|Any CPU.ActiveCfg = Release|Any CPU
		{90879C99-8C11-4F06-847B-B67B55D0131F}.Release|Any CPU.Build.0 = Release|Any CPU
	EndGlobalSection
EndGlobal
